
Microsoft Visual Studio Solution File, Format Version 12.00
# Visual Studio Version 16
VisualStudioVersion = 16.0.29411.138
MinimumVisualStudioVersion = 15.0.26124.0
Project("{9A19103F-16F7-4668-BE54-9A1E7A4F7556}") = "TodoWithControllers", "TodoWithControllers\TodoWithControllers.csproj", "{277F0126-AA7E-46D6-BDDC-B6B6729644ED}"
EndProject
Project("{2150E333-8FDC-42A3-9474-1A3956D46DE8}") = "Solution Items", "Solution Items", "{454DA4CA-4163-4794-BC12-1030BD6C38C7}"
	ProjectSection(SolutionItems) = preProject
		global.json = global.json
		nuget.config = nuget.config
		README.md = README.md
	EndProjectSection
EndProject
Project("{9A19103F-16F7-4668-BE54-9A1E7A4F7556}") = "TodoWithGenericHost", "TodoWithGenericHost\TodoWithGenericHost.csproj", "{8C21D1A5-9602-48B8-AA5A-471A2E5FD265}"
EndProject
Project("{9A19103F-16F7-4668-BE54-9A1E7A4F7556}") = "TodoWithRequestDelegates", "TodoWithRequestDelegates\TodoWithRequestDelegates.csproj", "{A73FC2FD-60A9-4504-BE24-A6D7B7809570}"
EndProject
Global
	GlobalSection(SolutionConfigurationPlatforms) = preSolution
		Debug|Any CPU = Debug|Any CPU
		Debug|x64 = Debug|x64
		Debug|x86 = Debug|x86
		Release|Any CPU = Release|Any CPU
		Release|x64 = Release|x64
		Release|x86 = Release|x86
	EndGlobalSection
	GlobalSection(ProjectConfigurationPlatforms) = postSolution
		{277F0126-AA7E-46D6-BDDC-B6B6729644ED}.Debug|Any CPU.ActiveCfg = Debug|Any CPU
		{277F0126-AA7E-46D6-BDDC-B6B6729644ED}.Debug|Any CPU.Build.0 = Debug|Any CPU
		{277F0126-AA7E-46D6-BDDC-B6B6729644ED}.Debug|x64.ActiveCfg = Debug|Any CPU
		{277F0126-AA7E-46D6-BDDC-B6B6729644ED}.Debug|x64.Build.0 = Debug|Any CPU
		{277F0126-AA7E-46D6-BDDC-B6B6729644ED}.Debug|x86.ActiveCfg = Debug|Any CPU
		{277F0126-AA7E-46D6-BDDC-B6B6729644ED}.Debug|x86.Build.0 = Debug|Any CPU
		{277F0126-AA7E-46D6-BDDC-B6B6729644ED}.Release|Any CPU.ActiveCfg = Release|Any CPU
		{277F0126-AA7E-46D6-BDDC-B6B6729644ED}.Release|Any CPU.Build.0 = Release|Any CPU
		{277F0126-AA7E-46D6-BDDC-B6B6729644ED}.Release|x64.ActiveCfg = Release|Any CPU
		{277F0126-AA7E-46D6-BDDC-B6B6729644ED}.Release|x64.Build.0 = Release|Any CPU
		{277F0126-AA7E-46D6-BDDC-B6B6729644ED}.Release|x86.ActiveCfg = Release|Any CPU
		{277F0126-AA7E-46D6-BDDC-B6B6729644ED}.Release|x86.Build.0 = Release|Any CPU
		{8C21D1A5-9602-48B8-AA5A-471A2E5FD265}.Debug|Any CPU.ActiveCfg = Debug|Any CPU
		{8C21D1A5-9602-48B8-AA5A-471A2E5FD265}.Debug|Any CPU.Build.0 = Debug|Any CPU
		{8C21D1A5-9602-48B8-AA5A-471A2E5FD265}.Debug|x64.ActiveCfg = Debug|Any CPU
		{8C21D1A5-9602-48B8-AA5A-471A2E5FD265}.Debug|x64.Build.0 = Debug|Any CPU
		{8C21D1A5-9602-48B8-AA5A-471A2E5FD265}.Debug|x86.ActiveCfg = Debug|Any CPU
		{8C21D1A5-9602-48B8-AA5A-471A2E5FD265}.Debug|x86.Build.0 = Debug|Any CPU
		{8C21D1A5-9602-48B8-AA5A-471A2E5FD265}.Release|Any CPU.ActiveCfg = Release|Any CPU
		{8C21D1A5-9602-48B8-AA5A-471A2E5FD265}.Release|Any CPU.Build.0 = Release|Any CPU
		{8C21D1A5-9602-48B8-AA5A-471A2E5FD265}.Release|x64.ActiveCfg = Release|Any CPU
		{8C21D1A5-9602-48B8-AA5A-471A2E5FD265}.Release|x64.Build.0 = Release|Any CPU
		{8C21D1A5-9602-48B8-AA5A-471A2E5FD265}.Release|x86.ActiveCfg = Release|Any CPU
		{8C21D1A5-9602-48B8-AA5A-471A2E5FD265}.Release|x86.Build.0 = Release|Any CPU
		{A73FC2FD-60A9-4504-BE24-A6D7B7809570}.Debug|Any CPU.ActiveCfg = Debug|Any CPU
		{A73FC2FD-60A9-4504-BE24-A6D7B7809570}.Debug|Any CPU.Build.0 = Debug|Any CPU
		{A73FC2FD-60A9-4504-BE24-A6D7B7809570}.Debug|x64.ActiveCfg = Debug|Any CPU
		{A73FC2FD-60A9-4504-BE24-A6D7B7809570}.Debug|x64.Build.0 = Debug|Any CPU
		{A73FC2FD-60A9-4504-BE24-A6D7B7809570}.Debug|x86.ActiveCfg = Debug|Any CPU
		{A73FC2FD-60A9-4504-BE24-A6D7B7809570}.Debug|x86.Build.0 = Debug|Any CPU
		{A73FC2FD-60A9-4504-BE24-A6D7B7809570}.Release|Any CPU.ActiveCfg = Release|Any CPU
		{A73FC2FD-60A9-4504-BE24-A6D7B7809570}.Release|Any CPU.Build.0 = Release|Any CPU
		{A73FC2FD-60A9-4504-BE24-A6D7B7809570}.Release|x64.ActiveCfg = Release|Any CPU
		{A73FC2FD-60A9-4504-BE24-A6D7B7809570}.Release|x64.Build.0 = Release|Any CPU
		{A73FC2FD-60A9-4504-BE24-A6D7B7809570}.Release|x86.ActiveCfg = Release|Any CPU
		{A73FC2FD-60A9-4504-BE24-A6D7B7809570}.Release|x86.Build.0 = Release|Any CPU
	EndGlobalSection
	GlobalSection(SolutionProperties) = preSolution
		HideSolutionNode = FALSE
	EndGlobalSection
	GlobalSection(ExtensibilityGlobals) = postSolution
		SolutionGuid = {935ECC60-B263-4513-B141-29F92C2FB080}
	EndGlobalSection
EndGlobal
